// !$*UTF8*$!
{
	archiveVersion = 1;
	classes = {
	};
	objectVersion = 46;
	objects = {

/* Begin PBXBuildFile section */
		BBA505B314E2D7B6006D7243 /* UIKit.framework in Frameworks */ = {isa = PBXBuildFile; fileRef = BBA505B214E2D7B6006D7243 /* UIKit.framework */; };
		BBA505B514E2D7B6006D7243 /* Foundation.framework in Frameworks */ = {isa = PBXBuildFile; fileRef = BBA505B414E2D7B6006D7243 /* Foundation.framework */; };
		BBA505B714E2D7B6006D7243 /* CoreGraphics.framework in Frameworks */ = {isa = PBXBuildFile; fileRef = BBA505B614E2D7B6006D7243 /* CoreGraphics.framework */; };
		BBA505BD14E2D7B6006D7243 /* InfoPlist.strings in Resources */ = {isa = PBXBuildFile; fileRef = BBA505BB14E2D7B6006D7243 /* InfoPlist.strings */; };
		BBA505BF14E2D7B6006D7243 /* main.m in Sources */ = {isa = PBXBuildFile; fileRef = BBA505BE14E2D7B6006D7243 /* main.m */; };
		BBA505C314E2D7B6006D7243 /* AppDelegate.m in Sources */ = {isa = PBXBuildFile; fileRef = BBA505C214E2D7B6006D7243 /* AppDelegate.m */; };
		BBA505C614E2D7B6006D7243 /* MainStoryboard.storyboard in Resources */ = {isa = PBXBuildFile; fileRef = BBA505C414E2D7B6006D7243 /* MainStoryboard.storyboard */; };
		BBA505C914E2D7B6006D7243 /* FirstViewController.m in Sources */ = {isa = PBXBuildFile; fileRef = BBA505C814E2D7B6006D7243 /* FirstViewController.m */; };
		BBA505CB14E2D7B6006D7243 /* first.png in Resources */ = {isa = PBXBuildFile; fileRef = BBA505CA14E2D7B6006D7243 /* first.png */; };
		BBA505CD14E2D7B6006D7243 /* first@2x.png in Resources */ = {isa = PBXBuildFile; fileRef = BBA505CC14E2D7B6006D7243 /* first@2x.png */; };
		BBA505D014E2D7B6006D7243 /* SecondViewController.m in Sources */ = {isa = PBXBuildFile; fileRef = BBA505CF14E2D7B6006D7243 /* SecondViewController.m */; };
		BBA505D214E2D7B6006D7243 /* second.png in Resources */ = {isa = PBXBuildFile; fileRef = BBA505D114E2D7B6006D7243 /* second.png */; };
		BBA505D414E2D7B6006D7243 /* second@2x.png in Resources */ = {isa = PBXBuildFile; fileRef = BBA505D314E2D7B6006D7243 /* second@2x.png */; };
/* End PBXBuildFile section */

/* Begin PBXFileReference section */
		BBA505AE14E2D7B6006D7243 /* TestingProject.app */ = {isa = PBXFileReference; explicitFileType = wrapper.application; includeInIndex = 0; path = TestingProject.app; sourceTree = BUILT_PRODUCTS_DIR; };
		BBA505B214E2D7B6006D7243 /* UIKit.framework */ = {isa = PBXFileReference; lastKnownFileType = wrapper.framework; name = UIKit.framework; path = System/Library/Frameworks/UIKit.framework; sourceTree = SDKROOT; };
		BBA505B414E2D7B6006D7243 /* Foundation.framework */ = {isa = PBXFileReference; lastKnownFileType = wrapper.framework; name = Foundation.framework; path = System/Library/Frameworks/Foundation.framework; sourceTree = SDKROOT; };
		BBA505B614E2D7B6006D7243 /* CoreGraphics.framework */ = {isa = PBXFileReference; lastKnownFileType = wrapper.framework; name = CoreGraphics.framework; path = System/Library/Frameworks/CoreGraphics.framework; sourceTree = SDKROOT; };
		BBA505BA14E2D7B6006D7243 /* TestingProject-Info.plist */ = {isa = PBXFileReference; path = "TestingProject-Info.plist"; sourceTree = "<group>"; };
		BBA505BC14E2D7B6006D7243 /* en */ = {isa = PBXFileReference; lastKnownFileType = text.plist.strings; name = en; path = en.lproj/InfoPlist.strings; sourceTree = "<group>"; };
		BBA505BE14E2D7B6006D7243 /* main.m */ = {isa = PBXFileReference; lastKnownFileType = sourcecode.c.objc; path = main.m; sourceTree = "<group>"; };
		BBA505C014E2D7B6006D7243 /* TestingProject-Prefix.pch */ = {isa = PBXFileReference; path = "TestingProject-Prefix.pch"; sourceTree = "<group>"; };
		BBA505C114E2D7B6006D7243 /* AppDelegate.h */ = {isa = PBXFileReference; path = AppDelegate.h; sourceTree = "<group>"; };
		BBA505C214E2D7B6006D7243 /* AppDelegate.m */ = {isa = PBXFileReference; lastKnownFileType = sourcecode.c.objc; path = AppDelegate.m; sourceTree = "<group>"; };
		BBA505C514E2D7B6006D7243 /* en */ = {isa = PBXFileReference; lastKnownFileType = file.storyboard; name = en; path = en.lproj/MainStoryboard.storyboard; sourceTree = "<group>"; };
		BBA505C714E2D7B6006D7243 /* FirstViewController.h */ = {isa = PBXFileReference; path = FirstViewController.h; sourceTree = "<group>"; };
		BBA505C814E2D7B6006D7243 /* FirstViewController.m */ = {isa = PBXFileReference; lastKnownFileType = sourcecode.c.objc; path = FirstViewController.m; sourceTree = "<group>"; };
		BBA505CA14E2D7B6006D7243 /* first.png */ = {isa = PBXFileReference; lastKnownFileType = image.png; path = first.png; sourceTree = "<group>"; };
		BBA505CC14E2D7B6006D7243 /* first@2x.png */ = {isa = PBXFileReference; lastKnownFileType = image.png; path = "first@2x.png"; sourceTree = "<group>"; };
		BBA505CE14E2D7B6006D7243 /* SecondViewController.h */ = {isa = PBXFileReference; path = SecondViewController.h; sourceTree = "<group>"; };
		BBA505CF14E2D7B6006D7243 /* SecondViewController.m */ = {isa = PBXFileReference; lastKnownFileType = sourcecode.c.objc; path = SecondViewController.m; sourceTree = "<group>"; };
		BBA505D114E2D7B6006D7243 /* second.png */ = {isa = PBXFileReference; lastKnownFileType = image.png; path = second.png; sourceTree = "<group>"; };
		BBA505D314E2D7B6006D7243 /* second@2x.png */ = {isa = PBXFileReference; lastKnownFileType = image.png; path = "second@2x.png"; sourceTree = "<group>"; };
/* End PBXFileReference section */

/* Begin PBXFrameworksBuildPhase section */
		BBA505AB14E2D7B6006D7243 /* Frameworks */ = {
			isa = PBXFrameworksBuildPhase;
			buildActionMask = 2147483647;
			files = (
				BBA505B314E2D7B6006D7243 /* UIKit.framework in Frameworks */,
				BBA505B514E2D7B6006D7243 /* Foundation.framework in Frameworks */,
				BBA505B714E2D7B6006D7243 /* CoreGraphics.framework in Frameworks */,
			);
			runOnlyForDeploymentPostprocessing = 0;
		};
/* End PBXFrameworksBuildPhase section */

/* Begin PBXGroup section */
		BBA505A314E2D7B6006D7243 = {
			isa = PBXGroup;
			children = (
				BBA505B814E2D7B6006D7243 /* TestingProject */,
				BBA505B114E2D7B6006D7243 /* Frameworks */,
				BBA505AF14E2D7B6006D7243 /* Products */,
			);
			sourceTree = "<group>";
		};
		BBA505AF14E2D7B6006D7243 /* Products */ = {
			isa = PBXGroup;
			children = (
				BBA505AE14E2D7B6006D7243 /* TestingProject.app */,
			);
			name = Products;
			sourceTree = "<group>";
		};
		BBA505B114E2D7B6006D7243 /* Frameworks */ = {
			isa = PBXGroup;
			children = (
				BBA505B214E2D7B6006D7243 /* UIKit.framework */,
				BBA505B414E2D7B6006D7243 /* Foundation.framework */,
				BBA505B614E2D7B6006D7243 /* CoreGraphics.framework */,
			);
			name = Frameworks;
			sourceTree = "<group>";
		};
		BBA505B814E2D7B6006D7243 /* TestingProject */ = {
			isa = PBXGroup;
			children = (
				BBA505C114E2D7B6006D7243 /* AppDelegate.h */,
				BBA505C214E2D7B6006D7243 /* AppDelegate.m */,
				BBA505C414E2D7B6006D7243 /* MainStoryboard.storyboard */,
				BBA505C714E2D7B6006D7243 /* FirstViewController.h */,
				BBA505C814E2D7B6006D7243 /* FirstViewController.m */,
				BBA505CA14E2D7B6006D7243 /* first.png */,
				BBA505CC14E2D7B6006D7243 /* first@2x.png */,
				BBA505CE14E2D7B6006D7243 /* SecondViewController.h */,
				BBA505CF14E2D7B6006D7243 /* SecondViewController.m */,
				BBA505D114E2D7B6006D7243 /* second.png */,
				BBA505D314E2D7B6006D7243 /* second@2x.png */,
				BBA505B914E2D7B6006D7243 /* Supporting Files */,
			);
			path = TestingProject;
			sourceTree = "<group>";
		};
		BBA505B914E2D7B6006D7243 /* Supporting Files */ = {
			isa = PBXGroup;
			children = (
				BBA505BA14E2D7B6006D7243 /* TestingProject-Info.plist */,
				BBA505BB14E2D7B6006D7243 /* InfoPlist.strings */,
				BBA505BE14E2D7B6006D7243 /* main.m */,
				BBA505C014E2D7B6006D7243 /* TestingProject-Prefix.pch */,
			);
			name = "Supporting Files";
			sourceTree = "<group>";
		};
/* End PBXGroup section */

/* Begin PBXNativeTarget section */
		BBA505AD14E2D7B6006D7243 /* TestingProject */ = {
			isa = PBXNativeTarget;
			buildConfigurationList = BBA505D714E2D7B6006D7243 /* Build configuration list for PBXNativeTarget "TestingProject" */;
			buildPhases = (
				BBA505AA14E2D7B6006D7243 /* Sources */,
				BBA505AB14E2D7B6006D7243 /* Frameworks */,
				BBA505AC14E2D7B6006D7243 /* Resources */,
			);
			buildRules = (
			);
			dependencies = (
			);
			name = TestingProject;
			productName = TestingProject;
			productReference = BBA505AE14E2D7B6006D7243 /* TestingProject.app */;
			productType = "com.apple.product-type.application";
		};
/* End PBXNativeTarget section */

/* Begin PBXProject section */
		BBA505A514E2D7B6006D7243 /* Project object */ = {
			isa = PBXProject;
			attributes = {
				LastUpgradeCheck = 0420;
				ORGANIZATIONNAME = "AppBark Telecommunication Inc.";
			};
			buildConfigurationList = BBA505A814E2D7B6006D7243 /* Build configuration list for PBXProject "TestingProject" */;
			compatibilityVersion = "Xcode 3.2";
			developmentRegion = English;
			hasScannedForEncodings = 0;
			knownRegions = (
				en,
			);
			mainGroup = BBA505A314E2D7B6006D7243;
			productRefGroup = BBA505AF14E2D7B6006D7243 /* Products */;
			projectDirPath = "";
			projectRoot = "";
			targets = (
				BBA505AD14E2D7B6006D7243 /* TestingProject */,
			);
		};
/* End PBXProject section */

/* Begin PBXResourcesBuildPhase section */
		BBA505AC14E2D7B6006D7243 /* Resources */ = {
			isa = PBXResourcesBuildPhase;
			buildActionMask = 2147483647;
			files = (
				BBA505BD14E2D7B6006D7243 /* InfoPlist.strings in Resources */,
				BBA505C614E2D7B6006D7243 /* MainStoryboard.storyboard in Resources */,
				BBA505CB14E2D7B6006D7243 /* first.png in Resources */,
				BBA505CD14E2D7B6006D7243 /* first@2x.png in Resources */,
				BBA505D214E2D7B6006D7243 /* second.png in Resources */,
				BBA505D414E2D7B6006D7243 /* second@2x.png in Resources */,
			);
			runOnlyForDeploymentPostprocessing = 0;
		};
/* End PBXResourcesBuildPhase section */

/* Begin PBXSourcesBuildPhase section */
		BBA505AA14E2D7B6006D7243 /* Sources */ = {
			isa = PBXSourcesBuildPhase;
			buildActionMask = 2147483647;
			files = (
				BBA505BF14E2D7B6006D7243 /* main.m in Sources */,
				BBA505C314E2D7B6006D7243 /* AppDelegate.m in Sources */,
				BBA505C914E2D7B6006D7243 /* FirstViewController.m in Sources */,
				BBA505D014E2D7B6006D7243 /* SecondViewController.m in Sources */,
			);
			runOnlyForDeploymentPostprocessing = 0;
		};
/* End PBXSourcesBuildPhase section */

/* Begin PBXVariantGroup section */
		BBA505BB14E2D7B6006D7243 /* InfoPlist.strings */ = {
			isa = PBXVariantGroup;
			children = (
				BBA505BC14E2D7B6006D7243 /* en */,
			);
			name = InfoPlist.strings;
			sourceTree = "<group>";
		};
		BBA505C414E2D7B6006D7243 /* MainStoryboard.storyboard */ = {
			isa = PBXVariantGroup;
			children = (
				BBA505C514E2D7B6006D7243 /* en */,
			);
			name = MainStoryboard.storyboard;
			sourceTree = "<group>";
		};
/* End PBXVariantGroup section */

/* Begin XCBuildConfiguration section */
		BBA505D514E2D7B6006D7243 /* Debug */ = {
			isa = XCBuildConfiguration;
			buildSettings = {
				ALWAYS_SEARCH_USER_PATHS = NO;
				ARCHS = "$(ARCHS_STANDARD_32_BIT)";
				CLANG_ENABLE_OBJC_ARC = YES;
				"CODE_SIGN_IDENTITY[sdk=iphoneos*]" = "iPhone Developer";
				COPY_PHASE_STRIP = NO;
				GCC_C_LANGUAGE_STANDARD = gnu99;
				GCC_DYNAMIC_NO_PIC = NO;
				GCC_OPTIMIZATION_LEVEL = 0;
				GCC_PREPROCESSOR_DEFINITIONS = (
					"DEBUG=1",
					"$(inherited)",
				);
				GCC_SYMBOLS_PRIVATE_EXTERN = NO;
				GCC_VERSION = com.apple.compilers.llvm.clang.1_0;
				GCC_WARN_ABOUT_MISSING_PROTOTYPES = YES;
				GCC_WARN_ABOUT_RETURN_TYPE = YES;
				GCC_WARN_UNUSED_VARIABLE = YES;
				IPHONEOS_DEPLOYMENT_TARGET = 5.0;
				SDKROOT = iphoneos;
			};
			name = Debug;
		};
		BBA505D614E2D7B6006D7243 /* Release */ = {
			isa = XCBuildConfiguration;
			buildSettings = {
				ALWAYS_SEARCH_USER_PATHS = NO;
				ARCHS = "$(ARCHS_STANDARD_32_BIT)";
				CLANG_ENABLE_OBJC_ARC = YES;
				"CODE_SIGN_IDENTITY[sdk=iphoneos*]" = "iPhone Developer";
				COPY_PHASE_STRIP = YES;
				GCC_C_LANGUAGE_STANDARD = gnu99;
				GCC_VERSION = com.apple.compilers.llvm.clang.1_0;
				GCC_WARN_ABOUT_MISSING_PROTOTYPES = YES;
				GCC_WARN_ABOUT_RETURN_TYPE = YES;
				GCC_WARN_UNUSED_VARIABLE = YES;
				IPHONEOS_DEPLOYMENT_TARGET = 5.0;
				OTHER_CFLAGS = "-DNS_BLOCK_ASSERTIONS=1";
				SDKROOT = iphoneos;
				VALIDATE_PRODUCT = YES;
			};
			name = Release;
		};
		BBA505D814E2D7B6006D7243 /* Debug */ = {
			isa = XCBuildConfiguration;
			buildSettings = {
				GCC_PRECOMPILE_PREFIX_HEADER = YES;
				GCC_PREFIX_HEADER = "TestingProject/TestingProject-Prefix.pch";
				INFOPLIST_FILE = "TestingProject/TestingProject-Info.plist";
				PRODUCT_NAME = "$(TARGET_NAME)";
				WRAPPER_EXTENSION = app;
			};
			name = Debug;
		};
		BBA505D914E2D7B6006D7243 /* Release */ = {
			isa = XCBuildConfiguration;
			buildSettings = {
				GCC_PRECOMPILE_PREFIX_HEADER = YES;
				GCC_PREFIX_HEADER = "TestingProject/TestingProject-Prefix.pch";
				INFOPLIST_FILE = "TestingProject/TestingProject-Info.plist";
				PRODUCT_NAME = "$(TARGET_NAME)";
				WRAPPER_EXTENSION = app;
			};
			name = Release;
		};
/* End XCBuildConfiguration section */

/* Begin XCConfigurationList section */
		BBA505A814E2D7B6006D7243 /* Build configuration list for PBXProject "TestingProject" */ = {
			isa = XCConfigurationList;
			buildConfigurations = (
				BBA505D514E2D7B6006D7243 /* Debug */,
				BBA505D614E2D7B6006D7243 /* Release */,
			);
			defaultConfigurationIsVisible = 0;
			defaultConfigurationName = Release;
		};
		BBA505D714E2D7B6006D7243 /* Build configuration list for PBXNativeTarget "TestingProject" */ = {
			isa = XCConfigurationList;
			buildConfigurations = (
				BBA505D814E2D7B6006D7243 /* Debug */,
				BBA505D914E2D7B6006D7243 /* Release */,
			);
			defaultConfigurationIsVisible = 0;
		};
/* End XCConfigurationList section */
	};
	rootObject = BBA505A514E2D7B6006D7243 /* Project object */;
}
